
Microsoft Visual Studio Solution File, Format Version 12.00
# Visual Studio Version 17
VisualStudioVersion = 17.0.31612.314
MinimumVisualStudioVersion = 15.0.26124.0
Project("{9A19103F-16F7-4668-BE54-9A1E7A4F7556}") = "Saiive.SuperNode", "Saiive.Supernode\Saiive.SuperNode.csproj", "{EFCB6BE7-8245-47FD-AED3-D8E8663E999E}"
EndProject
Project("{9A19103F-16F7-4668-BE54-9A1E7A4F7556}") = "Saiive.SuperNode.Abstaction", "Saiive.SuperNode.Abstaction\Saiive.SuperNode.Abstaction.csproj", "{94353B79-CEF7-44B5-8E3C-A04F5F6E2CE1}"
EndProject
Project("{9A19103F-16F7-4668-BE54-9A1E7A4F7556}") = "Saiive.SuperNode.Bitcoin", "Saiive.SuperNode.Bitcoin\Saiive.SuperNode.Bitcoin.csproj", "{4BBE5251-DCC9-4574-95FB-8A3E7DB4A708}"
EndProject
Project("{9A19103F-16F7-4668-BE54-9A1E7A4F7556}") = "Saiive.SuperNode.DeFiChain", "Saiive.SuperNode.DeFiChain\Saiive.SuperNode.DeFiChain.csproj", "{A18695C4-E390-4865-95FB-D244E6E1A2C5}"
EndProject
Project("{9A19103F-16F7-4668-BE54-9A1E7A4F7556}") = "Saiive.SuperNode.Model", "Saiive.SuperNode.Model\Saiive.SuperNode.Model.csproj", "{E3B8E0E5-8297-42E5-A875-4A818A11D58F}"
EndProject
Project("{9A19103F-16F7-4668-BE54-9A1E7A4F7556}") = "Saiive.SuperNode.Function", "Saiive.SuperNode.Function\Saiive.SuperNode.Function.csproj", "{49C72EFE-84D6-4ED6-8220-E2B8AD01FE7C}"
EndProject
Project("{9A19103F-16F7-4668-BE54-9A1E7A4F7556}") = "Saiive.SuperNode.Export", "Saiive.SuperNode.Export\Saiive.SuperNode.Export.csproj", "{E285BA68-34CB-4D07-A167-7143049B9186}"
EndProject
Project("{2150E333-8FDC-42A3-9474-1A3956D46DE8}") = "00 Core", "00 Core", "{E20CB53E-922A-473F-8ABD-5CB63E8CE120}"
EndProject
Project("{FAE04EC0-301F-11D3-BF4B-00C04F79EFBC}") = "Saiive.SuperNode.Push", "Saiive.SuperNode.Push\Saiive.SuperNode.Push.csproj", "{942493E2-CD22-44EB-963C-B9A6B57446C6}"
EndProject
Global
	GlobalSection(SolutionConfigurationPlatforms) = preSolution
		Debug|Any CPU = Debug|Any CPU
		Release|Any CPU = Release|Any CPU
	EndGlobalSection
	GlobalSection(ProjectConfigurationPlatforms) = postSolution
		{EFCB6BE7-8245-47FD-AED3-D8E8663E999E}.Debug|Any CPU.ActiveCfg = Debug|Any CPU
		{EFCB6BE7-8245-47FD-AED3-D8E8663E999E}.Debug|Any CPU.Build.0 = Debug|Any CPU
		{EFCB6BE7-8245-47FD-AED3-D8E8663E999E}.Release|Any CPU.ActiveCfg = Release|Any CPU
		{EFCB6BE7-8245-47FD-AED3-D8E8663E999E}.Release|Any CPU.Build.0 = Release|Any CPU
		{94353B79-CEF7-44B5-8E3C-A04F5F6E2CE1}.Debug|Any CPU.ActiveCfg = Debug|Any CPU
		{94353B79-CEF7-44B5-8E3C-A04F5F6E2CE1}.Debug|Any CPU.Build.0 = Debug|Any CPU
		{94353B79-CEF7-44B5-8E3C-A04F5F6E2CE1}.Release|Any CPU.ActiveCfg = Release|Any CPU
		{94353B79-CEF7-44B5-8E3C-A04F5F6E2CE1}.Release|Any CPU.Build.0 = Release|Any CPU
		{4BBE5251-DCC9-4574-95FB-8A3E7DB4A708}.Debug|Any CPU.ActiveCfg = Debug|Any CPU
		{4BBE5251-DCC9-4574-95FB-8A3E7DB4A708}.Debug|Any CPU.Build.0 = Debug|Any CPU
		{4BBE5251-DCC9-4574-95FB-8A3E7DB4A708}.Release|Any CPU.ActiveCfg = Release|Any CPU
		{4BBE5251-DCC9-4574-95FB-8A3E7DB4A708}.Release|Any CPU.Build.0 = Release|Any CPU
		{A18695C4-E390-4865-95FB-D244E6E1A2C5}.Debug|Any CPU.ActiveCfg = Debug|Any CPU
		{A18695C4-E390-4865-95FB-D244E6E1A2C5}.Debug|Any CPU.Build.0 = Debug|Any CPU
		{A18695C4-E390-4865-95FB-D244E6E1A2C5}.Release|Any CPU.ActiveCfg = Release|Any CPU
		{A18695C4-E390-4865-95FB-D244E6E1A2C5}.Release|Any CPU.Build.0 = Release|Any CPU
		{E3B8E0E5-8297-42E5-A875-4A818A11D58F}.Debug|Any CPU.ActiveCfg = Debug|Any CPU
		{E3B8E0E5-8297-42E5-A875-4A818A11D58F}.Debug|Any CPU.Build.0 = Debug|Any CPU
		{E3B8E0E5-8297-42E5-A875-4A818A11D58F}.Release|Any CPU.ActiveCfg = Release|Any CPU
		{E3B8E0E5-8297-42E5-A875-4A818A11D58F}.Release|Any CPU.Build.0 = Release|Any CPU
		{49C72EFE-84D6-4ED6-8220-E2B8AD01FE7C}.Debug|Any CPU.ActiveCfg = Debug|Any CPU
		{49C72EFE-84D6-4ED6-8220-E2B8AD01FE7C}.Debug|Any CPU.Build.0 = Debug|Any CPU
		{49C72EFE-84D6-4ED6-8220-E2B8AD01FE7C}.Release|Any CPU.ActiveCfg = Release|Any CPU
		{49C72EFE-84D6-4ED6-8220-E2B8AD01FE7C}.Release|Any CPU.Build.0 = Release|Any CPU
		{E285BA68-34CB-4D07-A167-7143049B9186}.Debug|Any CPU.ActiveCfg = Debug|Any CPU
		{E285BA68-34CB-4D07-A167-7143049B9186}.Debug|Any CPU.Build.0 = Debug|Any CPU
		{E285BA68-34CB-4D07-A167-7143049B9186}.Release|Any CPU.ActiveCfg = Release|Any CPU
		{E285BA68-34CB-4D07-A167-7143049B9186}.Release|Any CPU.Build.0 = Release|Any CPU
		{942493E2-CD22-44EB-963C-B9A6B57446C6}.Debug|Any CPU.ActiveCfg = Debug|Any CPU
		{942493E2-CD22-44EB-963C-B9A6B57446C6}.Debug|Any CPU.Build.0 = Debug|Any CPU
		{942493E2-CD22-44EB-963C-B9A6B57446C6}.Release|Any CPU.ActiveCfg = Release|Any CPU
		{942493E2-CD22-44EB-963C-B9A6B57446C6}.Release|Any CPU.Build.0 = Release|Any CPU
	EndGlobalSection
	GlobalSection(SolutionProperties) = preSolution
		HideSolutionNode = FALSE
	EndGlobalSection
	GlobalSection(NestedProjects) = preSolution
		{EFCB6BE7-8245-47FD-AED3-D8E8663E999E} = {E20CB53E-922A-473F-8ABD-5CB63E8CE120}
		{49C72EFE-84D6-4ED6-8220-E2B8AD01FE7C} = {E20CB53E-922A-473F-8ABD-5CB63E8CE120}
		{942493E2-CD22-44EB-963C-B9A6B57446C6} = {E20CB53E-922A-473F-8ABD-5CB63E8CE120}
	EndGlobalSection
	GlobalSection(ExtensibilityGlobals) = postSolution
		SolutionGuid = {1FBBCDCF-EF03-4621-9894-35C829FA855F}
	EndGlobalSection
EndGlobal
